
Microsoft Visual Studio Solution File, Format Version 12.00
# Visual Studio Version 16
VisualStudioVersion = 16.0.29215.179
MinimumVisualStudioVersion = 10.0.40219.1
Project("{888888A0-9F3D-457C-B088-3A5042F75D52}") = "ID3", "ID3\ID3.pyproj", "{97856195-32B8-4781-AF91-CEF0724323E7}"
EndProject
Global
	GlobalSection(SolutionConfigurationPlatforms) = preSolution
		Debug|Any CPU = Debug|Any CPU
		Release|Any CPU = Release|Any CPU
	EndGlobalSection
	GlobalSection(ProjectConfigurationPlatforms) = postSolution
		{97856195-32B8-4781-AF91-CEF0724323E7}.Debug|Any CPU.ActiveCfg = Debug|Any CPU
		{97856195-32B8-4781-AF91-CEF0724323E7}.Release|Any CPU.ActiveCfg = Release|Any CPU
	EndGlobalSection
	GlobalSection(SolutionProperties) = preSolution
		HideSolutionNode = FALSE
	EndGlobalSection
	GlobalSection(ExtensibilityGlobals) = postSolution
		SolutionGuid = {F7DBA7B1-3993-4AD1-B7A3-8F0F7E8771C2}
	EndGlobalSection
EndGlobal
